[root]
name = "embedded_reader"
version = "0.1.0"
dependencies = [
 "serial 0.3.4 (registry+https://github.com/rust-lang/crates.io-index)",
]

[[package]]
name = "ioctl-rs"
version = "0.1.5"
source = "registry+https://github.com/rust-lang/crates.io-index"
dependencies = [
 "libc 0.2.21 (registry+https://github.com/rust-lang/crates.io-index)",
]

[[package]]
name = "libc"
version = "0.2.21"
source = "registry+https://github.com/rust-lang/crates.io-index"

[[package]]
name = "serial"
version = "0.3.4"
source = "registry+https://github.com/rust-lang/crates.io-index"
dependencies = [
 "ioctl-rs 0.1.5 (registry+https://github.com/rust-lang/crates.io-index)",
 "libc 0.2.21 (registry+https://github.com/rust-lang/crates.io-index)",
 "termios 0.2.2 (registry+https://github.com/rust-lang/crates.io-index)",
]

[[package]]
name = "termios"
version = "0.2.2"
source = "registry+https://github.com/rust-lang/crates.io-index"
dependencies = [
 "libc 0.2.21 (registry+https://github.com/rust-lang/crates.io-index)",
]

[metadata]
"checksum ioctl-rs 0.1.5 (registry+https://github.com/rust-lang/crates.io-index)" = "c733bd6be680c4365bfeb89ac48d4c39ee2c47d933da3601689131471aaf3267"
"checksum libc 0.2.21 (registry+https://github.com/rust-lang/crates.io-index)" = "88ee81885f9f04bff991e306fea7c1c60a5f0f9e409e99f6b40e3311a3363135"
"checksum serial 0.3.4 (registry+https://github.com/rust-lang/crates.io-index)" = "cb5e265c52312c3e72a08afb6ac62ba3b9d1778c2193f57d74e307334689c7c8"
"checksum termios 0.2.2 (registry+https://github.com/rust-lang/crates.io-index)" = "d5d9cf598a6d7ce700a4e6a9199da127e6819a61e64b68609683cc9a01b5683a"
